// !$*UTF8*$!
{
	archiveVersion = 1;
	classes = {
	};
	objectVersion = 51;
	objects = {

/* Begin PBXBuildFile section */
		351C4B7524E94DB4000C2443 /* FeedCell.swift in Sources */ = {isa = PBXBuildFile; fileRef = 351C4B7424E94DB4000C2443 /* FeedCell.swift */; };
		354F393624F29F4600B0D83F /* LikesController.swift in Sources */ = {isa = PBXBuildFile; fileRef = 354F393524F29F4600B0D83F /* LikesController.swift */; };
		354F393824F2A92C00B0D83F /* CommentController.swift in Sources */ = {isa = PBXBuildFile; fileRef = 354F393724F2A92C00B0D83F /* CommentController.swift */; };
		355E650C24CE13A100ADDDDB /* FollowController.swift in Sources */ = {isa = PBXBuildFile; fileRef = 355E650B24CE13A100ADDDDB /* FollowController.swift */; };
		355E650E24CE149400ADDDDB /* FollowCell.swift in Sources */ = {isa = PBXBuildFile; fileRef = 355E650D24CE149400ADDDDB /* FollowCell.swift */; };
		3576973624E582F700ED5084 /* Post.swift in Sources */ = {isa = PBXBuildFile; fileRef = 3576973524E582F700ED5084 /* Post.swift */; };
		3576973824E8C2F200ED5084 /* UserPostCell.swift in Sources */ = {isa = PBXBuildFile; fileRef = 3576973724E8C2F200ED5084 /* UserPostCell.swift */; };
		3576973A24E8CCA300ED5084 /* CustomImageView.swift in Sources */ = {isa = PBXBuildFile; fileRef = 3576973924E8CCA300ED5084 /* CustomImageView.swift */; };
		357B173F24CA218A00CCF48A /* SearchUserCell.swift in Sources */ = {isa = PBXBuildFile; fileRef = 357B173E24CA218A00CCF48A /* SearchUserCell.swift */; };
		357B174224CA36BC00CCF48A /* Service.swift in Sources */ = {isa = PBXBuildFile; fileRef = 357B174124CA36BC00CCF48A /* Service.swift */; };
		359050BD24C876FC0093722D /* MainTabBarController.swift in Sources */ = {isa = PBXBuildFile; fileRef = 359050BC24C876FC0093722D /* MainTabBarController.swift */; };
		359050BF24C87F0D0093722D /* FeedController.swift in Sources */ = {isa = PBXBuildFile; fileRef = 359050BE24C87F0D0093722D /* FeedController.swift */; };
		359050C124C89C4D0093722D /* SearchController.swift in Sources */ = {isa = PBXBuildFile; fileRef = 359050C024C89C4D0093722D /* SearchController.swift */; };
		359050C324C89C730093722D /* UploadPostController.swift in Sources */ = {isa = PBXBuildFile; fileRef = 359050C224C89C730093722D /* UploadPostController.swift */; };
		359050C524C89C9F0093722D /* NotificationController.swift in Sources */ = {isa = PBXBuildFile; fileRef = 359050C424C89C9F0093722D /* NotificationController.swift */; };
		359050C724C89CD80093722D /* UserProfileController.swift in Sources */ = {isa = PBXBuildFile; fileRef = 359050C624C89CD80093722D /* UserProfileController.swift */; };
		35AAFB9324C9B68E0072CDB2 /* UserProfileHeader.swift in Sources */ = {isa = PBXBuildFile; fileRef = 35AAFB9224C9B68E0072CDB2 /* UserProfileHeader.swift */; };
		35AAFB9524C9D2270072CDB2 /* User.swift in Sources */ = {isa = PBXBuildFile; fileRef = 35AAFB9424C9D2270072CDB2 /* User.swift */; };
		35C1542124EFE72800EF98F6 /* TimeAgo.swift in Sources */ = {isa = PBXBuildFile; fileRef = 35C1542024EFE72800EF98F6 /* TimeAgo.swift */; };
		35CC06F324E03659000224FC /* SelectImageViewContrioller.swift in Sources */ = {isa = PBXBuildFile; fileRef = 35CC06F224E03659000224FC /* SelectImageViewContrioller.swift */; };
		35CC06F524E03811000224FC /* SelectPhotoCell.swift in Sources */ = {isa = PBXBuildFile; fileRef = 35CC06F424E03811000224FC /* SelectPhotoCell.swift */; };
		35CC06F724E0386F000224FC /* SelectPhotoHeader.swift in Sources */ = {isa = PBXBuildFile; fileRef = 35CC06F624E0386F000224FC /* SelectPhotoHeader.swift */; };
		35E073CF24C59A540000596C /* AppDelegate.swift in Sources */ = {isa = PBXBuildFile; fileRef = 35E073CE24C59A540000596C /* AppDelegate.swift */; };
		35E073D124C59A540000596C /* SceneDelegate.swift in Sources */ = {isa = PBXBuildFile; fileRef = 35E073D024C59A540000596C /* SceneDelegate.swift */; };
		35E073D624C59A540000596C /* Main.storyboard in Resources */ = {isa = PBXBuildFile; fileRef = 35E073D424C59A540000596C /* Main.storyboard */; };
		35E073D824C59A560000596C /* Assets.xcassets in Resources */ = {isa = PBXBuildFile; fileRef = 35E073D724C59A560000596C /* Assets.xcassets */; };
		35E073DB24C59A560000596C /* LaunchScreen.storyboard in Resources */ = {isa = PBXBuildFile; fileRef = 35E073D924C59A560000596C /* LaunchScreen.storyboard */; };
		35E073E624C59B0A0000596C /* LoginController.swift in Sources */ = {isa = PBXBuildFile; fileRef = 35E073E524C59B0A0000596C /* LoginController.swift */; };
		35E073E924C59C440000596C /* Extensions.swift in Sources */ = {isa = PBXBuildFile; fileRef = 35E073E824C59C440000596C /* Extensions.swift */; };
		35E073EB24C5D7590000596C /* SignupController.swift in Sources */ = {isa = PBXBuildFile; fileRef = 35E073EA24C5D7590000596C /* SignupController.swift */; };
		35E073ED24C5E99F0000596C /* GoogleService-Info.plist in Resources */ = {isa = PBXBuildFile; fileRef = 35E073EC24C5E99F0000596C /* GoogleService-Info.plist */; };
		E589B0664789950F1B70657C /* Pods_Instagram.framework in Frameworks */ = {isa = PBXBuildFile; fileRef = 99A8406281C62F1EC9DCB0F5 /* Pods_Instagram.framework */; };
/* End PBXBuildFile section */

/* Begin PBXFileReference section */
		351C4B7424E94DB4000C2443 /* FeedCell.swift */ = {isa = PBXFileReference; lastKnownFileType = sourcecode.swift; path = FeedCell.swift; sourceTree = "<group>"; };
		354F393524F29F4600B0D83F /* LikesController.swift */ = {isa = PBXFileReference; lastKnownFileType = sourcecode.swift; path = LikesController.swift; sourceTree = "<group>"; };
		354F393724F2A92C00B0D83F /* CommentController.swift */ = {isa = PBXFileReference; lastKnownFileType = sourcecode.swift; path = CommentController.swift; sourceTree = "<group>"; };
		355E650B24CE13A100ADDDDB /* FollowController.swift */ = {isa = PBXFileReference; lastKnownFileType = sourcecode.swift; path = FollowController.swift; sourceTree = "<group>"; };
		355E650D24CE149400ADDDDB /* FollowCell.swift */ = {isa = PBXFileReference; lastKnownFileType = sourcecode.swift; path = FollowCell.swift; sourceTree = "<group>"; };
		3576973524E582F700ED5084 /* Post.swift */ = {isa = PBXFileReference; lastKnownFileType = sourcecode.swift; path = Post.swift; sourceTree = "<group>"; };
		3576973724E8C2F200ED5084 /* UserPostCell.swift */ = {isa = PBXFileReference; lastKnownFileType = sourcecode.swift; path = UserPostCell.swift; sourceTree = "<group>"; };
		3576973924E8CCA300ED5084 /* CustomImageView.swift */ = {isa = PBXFileReference; lastKnownFileType = sourcecode.swift; path = CustomImageView.swift; sourceTree = "<group>"; };
		357B173E24CA218A00CCF48A /* SearchUserCell.swift */ = {isa = PBXFileReference; lastKnownFileType = sourcecode.swift; path = SearchUserCell.swift; sourceTree = "<group>"; };
		357B174124CA36BC00CCF48A /* Service.swift */ = {isa = PBXFileReference; lastKnownFileType = sourcecode.swift; path = Service.swift; sourceTree = "<group>"; };
		359050BC24C876FC0093722D /* MainTabBarController.swift */ = {isa = PBXFileReference; lastKnownFileType = sourcecode.swift; path = MainTabBarController.swift; sourceTree = "<group>"; };
		359050BE24C87F0D0093722D /* FeedController.swift */ = {isa = PBXFileReference; lastKnownFileType = sourcecode.swift; path = FeedController.swift; sourceTree = "<group>"; };
		359050C024C89C4D0093722D /* SearchController.swift */ = {isa = PBXFileReference; lastKnownFileType = sourcecode.swift; path = SearchController.swift; sourceTree = "<group>"; };
		359050C224C89C730093722D /* UploadPostController.swift */ = {isa = PBXFileReference; lastKnownFileType = sourcecode.swift; path = UploadPostController.swift; sourceTree = "<group>"; };
		359050C424C89C9F0093722D /* NotificationController.swift */ = {isa = PBXFileReference; lastKnownFileType = sourcecode.swift; path = NotificationController.swift; sourceTree = "<group>"; };
		359050C624C89CD80093722D /* UserProfileController.swift */ = {isa = PBXFileReference; lastKnownFileType = sourcecode.swift; path = UserProfileController.swift; sourceTree = "<group>"; };
		35AAFB9224C9B68E0072CDB2 /* UserProfileHeader.swift */ = {isa = PBXFileReference; lastKnownFileType = sourcecode.swift; path = UserProfileHeader.swift; sourceTree = "<group>"; };
		35AAFB9424C9D2270072CDB2 /* User.swift */ = {isa = PBXFileReference; lastKnownFileType = sourcecode.swift; path = User.swift; sourceTree = "<group>"; };
		35C1542024EFE72800EF98F6 /* TimeAgo.swift */ = {isa = PBXFileReference; lastKnownFileType = sourcecode.swift; path = TimeAgo.swift; sourceTree = "<group>"; };
		35CC06F224E03659000224FC /* SelectImageViewContrioller.swift */ = {isa = PBXFileReference; lastKnownFileType = sourcecode.swift; path = SelectImageViewContrioller.swift; sourceTree = "<group>"; };
		35CC06F424E03811000224FC /* SelectPhotoCell.swift */ = {isa = PBXFileReference; lastKnownFileType = sourcecode.swift; path = SelectPhotoCell.swift; sourceTree = "<group>"; };
		35CC06F624E0386F000224FC /* SelectPhotoHeader.swift */ = {isa = PBXFileReference; lastKnownFileType = sourcecode.swift; path = SelectPhotoHeader.swift; sourceTree = "<group>"; };
		35E073CB24C59A540000596C /* Instagram.app */ = {isa = PBXFileReference; explicitFileType = wrapper.application; includeInIndex = 0; path = Instagram.app; sourceTree = BUILT_PRODUCTS_DIR; };
		35E073CE24C59A540000596C /* AppDelegate.swift */ = {isa = PBXFileReference; lastKnownFileType = sourcecode.swift; path = AppDelegate.swift; sourceTree = "<group>"; };
		35E073D024C59A540000596C /* SceneDelegate.swift */ = {isa = PBXFileReference; lastKnownFileType = sourcecode.swift; path = SceneDelegate.swift; sourceTree = "<group>"; };
		35E073D524C59A540000596C /* Base */ = {isa = PBXFileReference; lastKnownFileType = file.storyboard; name = Base; path = Base.lproj/Main.storyboard; sourceTree = "<group>"; };
		35E073D724C59A560000596C /* Assets.xcassets */ = {isa = PBXFileReference; lastKnownFileType = folder.assetcatalog; path = Assets.xcassets; sourceTree = "<group>"; };
		35E073DA24C59A560000596C /* Base */ = {isa = PBXFileReference; lastKnownFileType = file.storyboard; name = Base; path = Base.lproj/LaunchScreen.storyboard; sourceTree = "<group>"; };
		35E073DC24C59A560000596C /* Info.plist */ = {isa = PBXFileReference; lastKnownFileType = text.plist.xml; path = Info.plist; sourceTree = "<group>"; };
		35E073E524C59B0A0000596C /* LoginController.swift */ = {isa = PBXFileReference; lastKnownFileType = sourcecode.swift; path = LoginController.swift; sourceTree = "<group>"; };
		35E073E824C59C440000596C /* Extensions.swift */ = {isa = PBXFileReference; lastKnownFileType = sourcecode.swift; path = Extensions.swift; sourceTree = "<group>"; };
		35E073EA24C5D7590000596C /* SignupController.swift */ = {isa = PBXFileReference; lastKnownFileType = sourcecode.swift; path = SignupController.swift; sourceTree = "<group>"; };
		35E073EC24C5E99F0000596C /* GoogleService-Info.plist */ = {isa = PBXFileReference; fileEncoding = 4; lastKnownFileType = text.plist.xml; path = "GoogleService-Info.plist"; sourceTree = "<group>"; };
		99A8406281C62F1EC9DCB0F5 /* Pods_Instagram.framework */ = {isa = PBXFileReference; explicitFileType = wrapper.framework; includeInIndex = 0; path = Pods_Instagram.framework; sourceTree = BUILT_PRODUCTS_DIR; };
		A0AAD0188E4A2F804565F965 /* Pods-Instagram.debug.xcconfig */ = {isa = PBXFileReference; includeInIndex = 1; lastKnownFileType = text.xcconfig; name = "Pods-Instagram.debug.xcconfig"; path = "Target Support Files/Pods-Instagram/Pods-Instagram.debug.xcconfig"; sourceTree = "<group>"; };
		FDD5BB8A0A32CB8BF6C04BF3 /* Pods-Instagram.release.xcconfig */ = {isa = PBXFileReference; includeInIndex = 1; lastKnownFileType = text.xcconfig; name = "Pods-Instagram.release.xcconfig"; path = "Target Support Files/Pods-Instagram/Pods-Instagram.release.xcconfig"; sourceTree = "<group>"; };
/* End PBXFileReference section */

/* Begin PBXFrameworksBuildPhase section */
		35E073C824C59A540000596C /* Frameworks */ = {
			isa = PBXFrameworksBuildPhase;
			buildActionMask = 2147483647;
			files = (
				E589B0664789950F1B70657C /* Pods_Instagram.framework in Frameworks */,
			);
			runOnlyForDeploymentPostprocessing = 0;
		};
/* End PBXFrameworksBuildPhase section */

/* Begin PBXGroup section */
		357B174024CA369300CCF48A /* Service */ = {
			isa = PBXGroup;
			children = (
				357B174124CA36BC00CCF48A /* Service.swift */,
			);
			path = Service;
			sourceTree = "<group>";
		};
		359050BB24C8768E0093722D /* Authentication */ = {
			isa = PBXGroup;
			children = (
				35E073EA24C5D7590000596C /* SignupController.swift */,
				35E073E524C59B0A0000596C /* LoginController.swift */,
			);
			path = Authentication;
			sourceTree = "<group>";
		};
		359050C824C89D030093722D /* Menu Tab */ = {
			isa = PBXGroup;
			children = (
				359050BC24C876FC0093722D /* MainTabBarController.swift */,
				359050C924C89D220093722D /* Menu Items */,
			);
			path = "Menu Tab";
			sourceTree = "<group>";
		};
		359050C924C89D220093722D /* Menu Items */ = {
			isa = PBXGroup;
			children = (
				35AAFB8D24C9B61F0072CDB2 /* Feed */,
				35AAFB8E24C9B62A0072CDB2 /* Search */,
				35AAFB8F24C9B6320072CDB2 /* UploadPost */,
				35AAFB9024C9B63B0072CDB2 /* Notification */,
				35AAFB9124C9B64E0072CDB2 /* UserProfile */,
			);
			path = "Menu Items";
			sourceTree = "<group>";
		};
		35AAFB8D24C9B61F0072CDB2 /* Feed */ = {
			isa = PBXGroup;
			children = (
				359050BE24C87F0D0093722D /* FeedController.swift */,
				354F393524F29F4600B0D83F /* LikesController.swift */,
				354F393724F2A92C00B0D83F /* CommentController.swift */,
			);
			path = Feed;
			sourceTree = "<group>";
		};
		35AAFB8E24C9B62A0072CDB2 /* Search */ = {
			isa = PBXGroup;
			children = (
				359050C024C89C4D0093722D /* SearchController.swift */,
			);
			path = Search;
			sourceTree = "<group>";
		};
		35AAFB8F24C9B6320072CDB2 /* UploadPost */ = {
			isa = PBXGroup;
			children = (
				359050C224C89C730093722D /* UploadPostController.swift */,
				35CC06F224E03659000224FC /* SelectImageViewContrioller.swift */,
			);
			path = UploadPost;
			sourceTree = "<group>";
		};
		35AAFB9024C9B63B0072CDB2 /* Notification */ = {
			isa = PBXGroup;
			children = (
				359050C424C89C9F0093722D /* NotificationController.swift */,
			);
			path = Notification;
			sourceTree = "<group>";
		};
		35AAFB9124C9B64E0072CDB2 /* UserProfile */ = {
			isa = PBXGroup;
			children = (
				359050C624C89CD80093722D /* UserProfileController.swift */,
				355E650B24CE13A100ADDDDB /* FollowController.swift */,
			);
			path = UserProfile;
			sourceTree = "<group>";
		};
		35E073C224C59A540000596C = {
			isa = PBXGroup;
			children = (
				35E073CD24C59A540000596C /* Instagram */,
				35E073CC24C59A540000596C /* Products */,
				FD1F2FE5462B66EDF7B96D76 /* Pods */,
				A7A5186D7971C746D2390234 /* Frameworks */,
			);
			sourceTree = "<group>";
		};
		35E073CC24C59A540000596C /* Products */ = {
			isa = PBXGroup;
			children = (
				35E073CB24C59A540000596C /* Instagram.app */,
			);
			name = Products;
			sourceTree = "<group>";
		};
		35E073CD24C59A540000596C /* Instagram */ = {
			isa = PBXGroup;
			children = (
				35E073E424C59AA50000596C /* Model */,
				35E073E324C59A9B0000596C /* View */,
				35E073E224C59A900000596C /* Controller */,
				357B174024CA369300CCF48A /* Service */,
				35E073E724C59C110000596C /* Utils */,
				35E073CE24C59A540000596C /* AppDelegate.swift */,
				35E073D024C59A540000596C /* SceneDelegate.swift */,
				35E073D424C59A540000596C /* Main.storyboard */,
				35E073D724C59A560000596C /* Assets.xcassets */,
				35E073D924C59A560000596C /* LaunchScreen.storyboard */,
				35E073EC24C5E99F0000596C /* GoogleService-Info.plist */,
				35E073DC24C59A560000596C /* Info.plist */,
			);
			path = Instagram;
			sourceTree = "<group>";
		};
		35E073E224C59A900000596C /* Controller */ = {
			isa = PBXGroup;
			children = (
				359050BB24C8768E0093722D /* Authentication */,
				359050C824C89D030093722D /* Menu Tab */,
			);
			path = Controller;
			sourceTree = "<group>";
		};
		35E073E324C59A9B0000596C /* View */ = {
			isa = PBXGroup;
			children = (
				35AAFB9224C9B68E0072CDB2 /* UserProfileHeader.swift */,
				3576973724E8C2F200ED5084 /* UserPostCell.swift */,
				357B173E24CA218A00CCF48A /* SearchUserCell.swift */,
				355E650D24CE149400ADDDDB /* FollowCell.swift */,
				35CC06F424E03811000224FC /* SelectPhotoCell.swift */,
				35CC06F624E0386F000224FC /* SelectPhotoHeader.swift */,
				351C4B7424E94DB4000C2443 /* FeedCell.swift */,
			);
			path = View;
			sourceTree = "<group>";
		};
		35E073E424C59AA50000596C /* Model */ = {
			isa = PBXGroup;
			children = (
				35AAFB9424C9D2270072CDB2 /* User.swift */,
				3576973524E582F700ED5084 /* Post.swift */,
			);
			path = Model;
			sourceTree = "<group>";
		};
		35E073E724C59C110000596C /* Utils */ = {
			isa = PBXGroup;
			children = (
				35E073E824C59C440000596C /* Extensions.swift */,
				3576973924E8CCA300ED5084 /* CustomImageView.swift */,
				35C1542024EFE72800EF98F6 /* TimeAgo.swift */,
			);
			path = Utils;
			sourceTree = "<group>";
		};
		A7A5186D7971C746D2390234 /* Frameworks */ = {
			isa = PBXGroup;
			children = (
				99A8406281C62F1EC9DCB0F5 /* Pods_Instagram.framework */,
			);
			name = Frameworks;
			sourceTree = "<group>";
		};
		FD1F2FE5462B66EDF7B96D76 /* Pods */ = {
			isa = PBXGroup;
			children = (
				A0AAD0188E4A2F804565F965 /* Pods-Instagram.debug.xcconfig */,
				FDD5BB8A0A32CB8BF6C04BF3 /* Pods-Instagram.release.xcconfig */,
			);
			path = Pods;
			sourceTree = "<group>";
		};
/* End PBXGroup section */

/* Begin PBXNativeTarget section */
		35E073CA24C59A540000596C /* Instagram */ = {
			isa = PBXNativeTarget;
			buildConfigurationList = 35E073DF24C59A560000596C /* Build configuration list for PBXNativeTarget "Instagram" */;
			buildPhases = (
				743CF95777846300ED12F710 /* [CP] Check Pods Manifest.lock */,
				35E073C724C59A540000596C /* Sources */,
				35E073C824C59A540000596C /* Frameworks */,
				35E073C924C59A540000596C /* Resources */,
				5034AF2A3368FD8F48317B81 /* [CP] Embed Pods Frameworks */,
			);
			buildRules = (
			);
			dependencies = (
			);
			name = Instagram;
			productName = Instagram;
			productReference = 35E073CB24C59A540000596C /* Instagram.app */;
			productType = "com.apple.product-type.application";
		};
/* End PBXNativeTarget section */

/* Begin PBXProject section */
		35E073C324C59A540000596C /* Project object */ = {
			isa = PBXProject;
			attributes = {
				LastSwiftUpdateCheck = 1160;
				LastUpgradeCheck = 1160;
				ORGANIZATIONNAME = "Shrey Gupta";
				TargetAttributes = {
					35E073CA24C59A540000596C = {
						CreatedOnToolsVersion = 11.6;
					};
				};
			};
			buildConfigurationList = 35E073C624C59A540000596C /* Build configuration list for PBXProject "Instagram" */;
			compatibilityVersion = "Xcode 9.3";
			developmentRegion = en;
			hasScannedForEncodings = 0;
			knownRegions = (
				en,
				Base,
			);
			mainGroup = 35E073C224C59A540000596C;
			productRefGroup = 35E073CC24C59A540000596C /* Products */;
			projectDirPath = "";
			projectRoot = "";
			targets = (
				35E073CA24C59A540000596C /* Instagram */,
			);
		};
/* End PBXProject section */

/* Begin PBXResourcesBuildPhase section */
		35E073C924C59A540000596C /* Resources */ = {
			isa = PBXResourcesBuildPhase;
			buildActionMask = 2147483647;
			files = (
				35E073DB24C59A560000596C /* LaunchScreen.storyboard in Resources */,
				35E073ED24C5E99F0000596C /* GoogleService-Info.plist in Resources */,
				35E073D824C59A560000596C /* Assets.xcassets in Resources */,
				35E073D624C59A540000596C /* Main.storyboard in Resources */,
			);
			runOnlyForDeploymentPostprocessing = 0;
		};
/* End PBXResourcesBuildPhase section */

/* Begin PBXShellScriptBuildPhase section */
		5034AF2A3368FD8F48317B81 /* [CP] Embed Pods Frameworks */ = {
			isa = PBXShellScriptBuildPhase;
			buildActionMask = 2147483647;
			files = (
			);
			inputFileListPaths = (
				"${PODS_ROOT}/Target Support Files/Pods-Instagram/Pods-Instagram-frameworks-${CONFIGURATION}-input-files.xcfilelist",
			);
			name = "[CP] Embed Pods Frameworks";
			outputFileListPaths = (
				"${PODS_ROOT}/Target Support Files/Pods-Instagram/Pods-Instagram-frameworks-${CONFIGURATION}-output-files.xcfilelist",
			);
			runOnlyForDeploymentPostprocessing = 0;
			shellPath = /bin/sh;
			shellScript = "\"${PODS_ROOT}/Target Support Files/Pods-Instagram/Pods-Instagram-frameworks.sh\"\n";
			showEnvVarsInLog = 0;
		};
		743CF95777846300ED12F710 /* [CP] Check Pods Manifest.lock */ = {
			isa = PBXShellScriptBuildPhase;
			buildActionMask = 2147483647;
			files = (
			);
			inputFileListPaths = (
			);
			inputPaths = (
				"${PODS_PODFILE_DIR_PATH}/Podfile.lock",
				"${PODS_ROOT}/Manifest.lock",
			);
			name = "[CP] Check Pods Manifest.lock";
			outputFileListPaths = (
			);
			outputPaths = (
				"$(DERIVED_FILE_DIR)/Pods-Instagram-checkManifestLockResult.txt",
			);
			runOnlyForDeploymentPostprocessing = 0;
			shellPath = /bin/sh;
			shellScript = "diff \"${PODS_PODFILE_DIR_PATH}/Podfile.lock\" \"${PODS_ROOT}/Manifest.lock\" > /dev/null\nif [ $? != 0 ] ; then\n    # print error to STDERR\n    echo \"error: The sandbox is not in sync with the Podfile.lock. Run 'pod install' or update your CocoaPods installation.\" >&2\n    exit 1\nfi\n# This output is used by Xcode 'outputs' to avoid re-running this script phase.\necho \"SUCCESS\" > \"${SCRIPT_OUTPUT_FILE_0}\"\n";
			showEnvVarsInLog = 0;
		};
/* End PBXShellScriptBuildPhase section */

/* Begin PBXSourcesBuildPhase section */
		35E073C724C59A540000596C /* Sources */ = {
			isa = PBXSourcesBuildPhase;
			buildActionMask = 2147483647;
			files = (
				357B173F24CA218A00CCF48A /* SearchUserCell.swift in Sources */,
				35CC06F724E0386F000224FC /* SelectPhotoHeader.swift in Sources */,
				3576973A24E8CCA300ED5084 /* CustomImageView.swift in Sources */,
				359050C524C89C9F0093722D /* NotificationController.swift in Sources */,
				357B174224CA36BC00CCF48A /* Service.swift in Sources */,
				351C4B7524E94DB4000C2443 /* FeedCell.swift in Sources */,
				35C1542124EFE72800EF98F6 /* TimeAgo.swift in Sources */,
				35E073CF24C59A540000596C /* AppDelegate.swift in Sources */,
				354F393824F2A92C00B0D83F /* CommentController.swift in Sources */,
				35E073E624C59B0A0000596C /* LoginController.swift in Sources */,
				35AAFB9324C9B68E0072CDB2 /* UserProfileHeader.swift in Sources */,
				359050BD24C876FC0093722D /* MainTabBarController.swift in Sources */,
				35CC06F524E03811000224FC /* SelectPhotoCell.swift in Sources */,
				359050C124C89C4D0093722D /* SearchController.swift in Sources */,
				3576973824E8C2F200ED5084 /* UserPostCell.swift in Sources */,
				354F393624F29F4600B0D83F /* LikesController.swift in Sources */,
				355E650C24CE13A100ADDDDB /* FollowController.swift in Sources */,
				359050C724C89CD80093722D /* UserProfileController.swift in Sources */,
				3576973624E582F700ED5084 /* Post.swift in Sources */,
				355E650E24CE149400ADDDDB /* FollowCell.swift in Sources */,
				35E073D124C59A540000596C /* SceneDelegate.swift in Sources */,
				35E073EB24C5D7590000596C /* SignupController.swift in Sources */,
				35E073E924C59C440000596C /* Extensions.swift in Sources */,
				35CC06F324E03659000224FC /* SelectImageViewContrioller.swift in Sources */,
				35AAFB9524C9D2270072CDB2 /* User.swift in Sources */,
				359050C324C89C730093722D /* UploadPostController.swift in Sources */,
				359050BF24C87F0D0093722D /* FeedController.swift in Sources */,
			);
			runOnlyForDeploymentPostprocessing = 0;
		};
/* End PBXSourcesBuildPhase section */

/* Begin PBXVariantGroup section */
		35E073D424C59A540000596C /* Main.storyboard */ = {
			isa = PBXVariantGroup;
			children = (
				35E073D524C59A540000596C /* Base */,
			);
			name = Main.storyboard;
			sourceTree = "<group>";
		};
		35E073D924C59A560000596C /* LaunchScreen.storyboard */ = {
			isa = PBXVariantGroup;
			children = (
				35E073DA24C59A560000596C /* Base */,
			);
			name = LaunchScreen.storyboard;
			sourceTree = "<group>";
		};
/* End PBXVariantGroup section */

/* Begin XCBuildConfiguration section */
		35E073DD24C59A560000596C /* Debug */ = {
			isa = XCBuildConfiguration;
			buildSettings = {
				ALWAYS_SEARCH_USER_PATHS = NO;
				CLANG_ANALYZER_NONNULL = YES;
				CLANG_ANALYZER_NUMBER_OBJECT_CONVERSION = YES_AGGRESSIVE;
				CLANG_CXX_LANGUAGE_STANDARD = "gnu++14";
				CLANG_CXX_LIBRARY = "libc++";
				CLANG_ENABLE_MODULES = YES;
				CLANG_ENABLE_OBJC_ARC = YES;
				CLANG_ENABLE_OBJC_WEAK = YES;
				CLANG_WARN_BLOCK_CAPTURE_AUTORELEASING = YES;
				CLANG_WARN_BOOL_CONVERSION = YES;
				CLANG_WARN_COMMA = YES;
				CLANG_WARN_CONSTANT_CONVERSION = YES;
				CLANG_WARN_DEPRECATED_OBJC_IMPLEMENTATIONS = YES;
				CLANG_WARN_DIRECT_OBJC_ISA_USAGE = YES_ERROR;
				CLANG_WARN_DOCUMENTATION_COMMENTS = YES;
				CLANG_WARN_EMPTY_BODY = YES;
				CLANG_WARN_ENUM_CONVERSION = YES;
				CLANG_WARN_INFINITE_RECURSION = YES;
				CLANG_WARN_INT_CONVERSION = YES;
				CLANG_WARN_NON_LITERAL_NULL_CONVERSION = YES;
				CLANG_WARN_OBJC_IMPLICIT_RETAIN_SELF = YES;
				CLANG_WARN_OBJC_LITERAL_CONVERSION = YES;
				CLANG_WARN_OBJC_ROOT_CLASS = YES_ERROR;
				CLANG_WARN_RANGE_LOOP_ANALYSIS = YES;
				CLANG_WARN_STRICT_PROTOTYPES = YES;
				CLANG_WARN_SUSPICIOUS_MOVE = YES;
				CLANG_WARN_UNGUARDED_AVAILABILITY = YES_AGGRESSIVE;
				CLANG_WARN_UNREACHABLE_CODE = YES;
				CLANG_WARN__DUPLICATE_METHOD_MATCH = YES;
				COPY_PHASE_STRIP = NO;
				DEBUG_INFORMATION_FORMAT = dwarf;
				ENABLE_STRICT_OBJC_MSGSEND = YES;
				ENABLE_TESTABILITY = YES;
				GCC_C_LANGUAGE_STANDARD = gnu11;
				GCC_DYNAMIC_NO_PIC = NO;
				GCC_NO_COMMON_BLOCKS = YES;
				GCC_OPTIMIZATION_LEVEL = 0;
				GCC_PREPROCESSOR_DEFINITIONS = (
					"DEBUG=1",
					"$(inherited)",
				);
				GCC_WARN_64_TO_32_BIT_CONVERSION = YES;
				GCC_WARN_ABOUT_RETURN_TYPE = YES_ERROR;
				GCC_WARN_UNDECLARED_SELECTOR = YES;
				GCC_WARN_UNINITIALIZED_AUTOS = YES_AGGRESSIVE;
				GCC_WARN_UNUSED_FUNCTION = YES;
				GCC_WARN_UNUSED_VARIABLE = YES;
				IPHONEOS_DEPLOYMENT_TARGET = 13.6;
				MTL_ENABLE_DEBUG_INFO = INCLUDE_SOURCE;
				MTL_FAST_MATH = YES;
				ONLY_ACTIVE_ARCH = YES;
				SDKROOT = iphoneos;
				SWIFT_ACTIVE_COMPILATION_CONDITIONS = DEBUG;
				SWIFT_OPTIMIZATION_LEVEL = "-Onone";
			};
			name = Debug;
		};
		35E073DE24C59A560000596C /* Release */ = {
			isa = XCBuildConfiguration;
			buildSettings = {
				ALWAYS_SEARCH_USER_PATHS = NO;
				CLANG_ANALYZER_NONNULL = YES;
				CLANG_ANALYZER_NUMBER_OBJECT_CONVERSION = YES_AGGRESSIVE;
				CLANG_CXX_LANGUAGE_STANDARD = "gnu++14";
				CLANG_CXX_LIBRARY = "libc++";
				CLANG_ENABLE_MODULES = YES;
				CLANG_ENABLE_OBJC_ARC = YES;
				CLANG_ENABLE_OBJC_WEAK = YES;
				CLANG_WARN_BLOCK_CAPTURE_AUTORELEASING = YES;
				CLANG_WARN_BOOL_CONVERSION = YES;
				CLANG_WARN_COMMA = YES;
				CLANG_WARN_CONSTANT_CONVERSION = YES;
				CLANG_WARN_DEPRECATED_OBJC_IMPLEMENTATIONS = YES;
				CLANG_WARN_DIRECT_OBJC_ISA_USAGE = YES_ERROR;
				CLANG_WARN_DOCUMENTATION_COMMENTS = YES;
				CLANG_WARN_EMPTY_BODY = YES;
				CLANG_WARN_ENUM_CONVERSION = YES;
				CLANG_WARN_INFINITE_RECURSION = YES;
				CLANG_WARN_INT_CONVERSION = YES;
				CLANG_WARN_NON_LITERAL_NULL_CONVERSION = YES;
				CLANG_WARN_OBJC_IMPLICIT_RETAIN_SELF = YES;
				CLANG_WARN_OBJC_LITERAL_CONVERSION = YES;
				CLANG_WARN_OBJC_ROOT_CLASS = YES_ERROR;
				CLANG_WARN_RANGE_LOOP_ANALYSIS = YES;
				CLANG_WARN_STRICT_PROTOTYPES = YES;
				CLANG_WARN_SUSPICIOUS_MOVE = YES;
				CLANG_WARN_UNGUARDED_AVAILABILITY = YES_AGGRESSIVE;
				CLANG_WARN_UNREACHABLE_CODE = YES;
				CLANG_WARN__DUPLICATE_METHOD_MATCH = YES;
				COPY_PHASE_STRIP = NO;
				DEBUG_INFORMATION_FORMAT = "dwarf-with-dsym";
				ENABLE_NS_ASSERTIONS = NO;
				ENABLE_STRICT_OBJC_MSGSEND = YES;
				GCC_C_LANGUAGE_STANDARD = gnu11;
				GCC_NO_COMMON_BLOCKS = YES;
				GCC_WARN_64_TO_32_BIT_CONVERSION = YES;
				GCC_WARN_ABOUT_RETURN_TYPE = YES_ERROR;
				GCC_WARN_UNDECLARED_SELECTOR = YES;
				GCC_WARN_UNINITIALIZED_AUTOS = YES_AGGRESSIVE;
				GCC_WARN_UNUSED_FUNCTION = YES;
				GCC_WARN_UNUSED_VARIABLE = YES;
				IPHONEOS_DEPLOYMENT_TARGET = 13.6;
				MTL_ENABLE_DEBUG_INFO = NO;
				MTL_FAST_MATH = YES;
				SDKROOT = iphoneos;
				SWIFT_COMPILATION_MODE = wholemodule;
				SWIFT_OPTIMIZATION_LEVEL = "-O";
				VALIDATE_PRODUCT = YES;
			};
			name = Release;
		};
		35E073E024C59A560000596C /* Debug */ = {
			isa = XCBuildConfiguration;
			baseConfigurationReference = A0AAD0188E4A2F804565F965 /* Pods-Instagram.debug.xcconfig */;
			buildSettings = {
				ASSETCATALOG_COMPILER_APPICON_NAME = AppIcon;
				CODE_SIGN_STYLE = Automatic;
				DEVELOPMENT_TEAM = U4N8ZF8AH7;
				INFOPLIST_FILE = Instagram/Info.plist;
				IPHONEOS_DEPLOYMENT_TARGET = 13.5;
				LD_RUNPATH_SEARCH_PATHS = (
					"$(inherited)",
					"@executable_path/Frameworks",
				);
				PRODUCT_BUNDLE_IDENTIFIER = com.shrey.Instagram;
				PRODUCT_NAME = "$(TARGET_NAME)";
				SWIFT_VERSION = 5.0;
				TARGETED_DEVICE_FAMILY = "1,2";
			};
			name = Debug;
		};
		35E073E124C59A560000596C /* Release */ = {
			isa = XCBuildConfiguration;
			baseConfigurationReference = FDD5BB8A0A32CB8BF6C04BF3 /* Pods-Instagram.release.xcconfig */;
			buildSettings = {
				ASSETCATALOG_COMPILER_APPICON_NAME = AppIcon;
				CODE_SIGN_STYLE = Automatic;
				DEVELOPMENT_TEAM = U4N8ZF8AH7;
				INFOPLIST_FILE = Instagram/Info.plist;
				IPHONEOS_DEPLOYMENT_TARGET = 13.5;
				LD_RUNPATH_SEARCH_PATHS = (
					"$(inherited)",
					"@executable_path/Frameworks",
				);
				PRODUCT_BUNDLE_IDENTIFIER = com.shrey.Instagram;
				PRODUCT_NAME = "$(TARGET_NAME)";
				SWIFT_VERSION = 5.0;
				TARGETED_DEVICE_FAMILY = "1,2";
			};
			name = Release;
		};
/* End XCBuildConfiguration section */

/* Begin XCConfigurationList section */
		35E073C624C59A540000596C /* Build configuration list for PBXProject "Instagram" */ = {
			isa = XCConfigurationList;
			buildConfigurations = (
				35E073DD24C59A560000596C /* Debug */,
				35E073DE24C59A560000596C /* Release */,
			);
			defaultConfigurationIsVisible = 0;
			defaultConfigurationName = Release;
		};
		35E073DF24C59A560000596C /* Build configuration list for PBXNativeTarget "Instagram" */ = {
			isa = XCConfigurationList;
			buildConfigurations = (
				35E073E024C59A560000596C /* Debug */,
				35E073E124C59A560000596C /* Release */,
			);
			defaultConfigurationIsVisible = 0;
			defaultConfigurationName = Release;
		};
/* End XCConfigurationList section */
	};
	rootObject = 35E073C324C59A540000596C /* Project object */;
}
